
Microsoft Visual Studio Solution File, Format Version 12.00
# Visual Studio 15
VisualStudioVersion = 15.0.26124.0
MinimumVisualStudioVersion = 15.0.26124.0
Project("{FAE04EC0-301F-11D3-BF4B-00C04F79EFBC}") = "webapi", "webapi\webapi.csproj", "{20815A84-629A-4D84-99E9-6700F2126D7B}"
EndProject
Project("{FAE04EC0-301F-11D3-BF4B-00C04F79EFBC}") = "client", "client\client.csproj", "{ABE986D3-1778-4309-8384-71C2D55294FA}"
EndProject
Project("{FAE04EC0-301F-11D3-BF4B-00C04F79EFBC}") = "js_client", "js_client\js_client.csproj", "{ECF83A9E-92F8-4E91-9BB4-13767CEB8F44}"
EndProject
Project("{FAE04EC0-301F-11D3-BF4B-00C04F79EFBC}") = "identity_server_4", "identity_server_4\identity_server_4.csproj", "{5A5FDE4C-3A0B-4525-A096-3FB67943BAF6}"
EndProject
Project("{FAE04EC0-301F-11D3-BF4B-00C04F79EFBC}") = "domain", "domain\domain.csproj", "{0ECCE023-2D2D-48DF-B8C7-44169BF2C721}"
EndProject
Global
	GlobalSection(SolutionConfigurationPlatforms) = preSolution
		Debug|Any CPU = Debug|Any CPU
		Debug|x64 = Debug|x64
		Debug|x86 = Debug|x86
		Release|Any CPU = Release|Any CPU
		Release|x64 = Release|x64
		Release|x86 = Release|x86
	EndGlobalSection
	GlobalSection(SolutionProperties) = preSolution
		HideSolutionNode = FALSE
	EndGlobalSection
	GlobalSection(ProjectConfigurationPlatforms) = postSolution
		{20815A84-629A-4D84-99E9-6700F2126D7B}.Debug|Any CPU.ActiveCfg = Debug|Any CPU
		{20815A84-629A-4D84-99E9-6700F2126D7B}.Debug|Any CPU.Build.0 = Debug|Any CPU
		{20815A84-629A-4D84-99E9-6700F2126D7B}.Debug|x64.ActiveCfg = Debug|Any CPU
		{20815A84-629A-4D84-99E9-6700F2126D7B}.Debug|x64.Build.0 = Debug|Any CPU
		{20815A84-629A-4D84-99E9-6700F2126D7B}.Debug|x86.ActiveCfg = Debug|Any CPU
		{20815A84-629A-4D84-99E9-6700F2126D7B}.Debug|x86.Build.0 = Debug|Any CPU
		{20815A84-629A-4D84-99E9-6700F2126D7B}.Release|Any CPU.ActiveCfg = Release|Any CPU
		{20815A84-629A-4D84-99E9-6700F2126D7B}.Release|Any CPU.Build.0 = Release|Any CPU
		{20815A84-629A-4D84-99E9-6700F2126D7B}.Release|x64.ActiveCfg = Release|Any CPU
		{20815A84-629A-4D84-99E9-6700F2126D7B}.Release|x64.Build.0 = Release|Any CPU
		{20815A84-629A-4D84-99E9-6700F2126D7B}.Release|x86.ActiveCfg = Release|Any CPU
		{20815A84-629A-4D84-99E9-6700F2126D7B}.Release|x86.Build.0 = Release|Any CPU
		{ABE986D3-1778-4309-8384-71C2D55294FA}.Debug|Any CPU.ActiveCfg = Debug|Any CPU
		{ABE986D3-1778-4309-8384-71C2D55294FA}.Debug|Any CPU.Build.0 = Debug|Any CPU
		{ABE986D3-1778-4309-8384-71C2D55294FA}.Debug|x64.ActiveCfg = Debug|Any CPU
		{ABE986D3-1778-4309-8384-71C2D55294FA}.Debug|x64.Build.0 = Debug|Any CPU
		{ABE986D3-1778-4309-8384-71C2D55294FA}.Debug|x86.ActiveCfg = Debug|Any CPU
		{ABE986D3-1778-4309-8384-71C2D55294FA}.Debug|x86.Build.0 = Debug|Any CPU
		{ABE986D3-1778-4309-8384-71C2D55294FA}.Release|Any CPU.ActiveCfg = Release|Any CPU
		{ABE986D3-1778-4309-8384-71C2D55294FA}.Release|Any CPU.Build.0 = Release|Any CPU
		{ABE986D3-1778-4309-8384-71C2D55294FA}.Release|x64.ActiveCfg = Release|Any CPU
		{ABE986D3-1778-4309-8384-71C2D55294FA}.Release|x64.Build.0 = Release|Any CPU
		{ABE986D3-1778-4309-8384-71C2D55294FA}.Release|x86.ActiveCfg = Release|Any CPU
		{ABE986D3-1778-4309-8384-71C2D55294FA}.Release|x86.Build.0 = Release|Any CPU
		{ECF83A9E-92F8-4E91-9BB4-13767CEB8F44}.Debug|Any CPU.ActiveCfg = Debug|Any CPU
		{ECF83A9E-92F8-4E91-9BB4-13767CEB8F44}.Debug|Any CPU.Build.0 = Debug|Any CPU
		{ECF83A9E-92F8-4E91-9BB4-13767CEB8F44}.Debug|x64.ActiveCfg = Debug|Any CPU
		{ECF83A9E-92F8-4E91-9BB4-13767CEB8F44}.Debug|x64.Build.0 = Debug|Any CPU
		{ECF83A9E-92F8-4E91-9BB4-13767CEB8F44}.Debug|x86.ActiveCfg = Debug|Any CPU
		{ECF83A9E-92F8-4E91-9BB4-13767CEB8F44}.Debug|x86.Build.0 = Debug|Any CPU
		{ECF83A9E-92F8-4E91-9BB4-13767CEB8F44}.Release|Any CPU.ActiveCfg = Release|Any CPU
		{ECF83A9E-92F8-4E91-9BB4-13767CEB8F44}.Release|Any CPU.Build.0 = Release|Any CPU
		{ECF83A9E-92F8-4E91-9BB4-13767CEB8F44}.Release|x64.ActiveCfg = Release|Any CPU
		{ECF83A9E-92F8-4E91-9BB4-13767CEB8F44}.Release|x64.Build.0 = Release|Any CPU
		{ECF83A9E-92F8-4E91-9BB4-13767CEB8F44}.Release|x86.ActiveCfg = Release|Any CPU
		{ECF83A9E-92F8-4E91-9BB4-13767CEB8F44}.Release|x86.Build.0 = Release|Any CPU
		{5A5FDE4C-3A0B-4525-A096-3FB67943BAF6}.Debug|Any CPU.ActiveCfg = Debug|Any CPU
		{5A5FDE4C-3A0B-4525-A096-3FB67943BAF6}.Debug|Any CPU.Build.0 = Debug|Any CPU
		{5A5FDE4C-3A0B-4525-A096-3FB67943BAF6}.Debug|x64.ActiveCfg = Debug|Any CPU
		{5A5FDE4C-3A0B-4525-A096-3FB67943BAF6}.Debug|x64.Build.0 = Debug|Any CPU
		{5A5FDE4C-3A0B-4525-A096-3FB67943BAF6}.Debug|x86.ActiveCfg = Debug|Any CPU
		{5A5FDE4C-3A0B-4525-A096-3FB67943BAF6}.Debug|x86.Build.0 = Debug|Any CPU
		{5A5FDE4C-3A0B-4525-A096-3FB67943BAF6}.Release|Any CPU.ActiveCfg = Release|Any CPU
		{5A5FDE4C-3A0B-4525-A096-3FB67943BAF6}.Release|Any CPU.Build.0 = Release|Any CPU
		{5A5FDE4C-3A0B-4525-A096-3FB67943BAF6}.Release|x64.ActiveCfg = Release|Any CPU
		{5A5FDE4C-3A0B-4525-A096-3FB67943BAF6}.Release|x64.Build.0 = Release|Any CPU
		{5A5FDE4C-3A0B-4525-A096-3FB67943BAF6}.Release|x86.ActiveCfg = Release|Any CPU
		{5A5FDE4C-3A0B-4525-A096-3FB67943BAF6}.Release|x86.Build.0 = Release|Any CPU
		{0ECCE023-2D2D-48DF-B8C7-44169BF2C721}.Debug|Any CPU.ActiveCfg = Debug|Any CPU
		{0ECCE023-2D2D-48DF-B8C7-44169BF2C721}.Debug|Any CPU.Build.0 = Debug|Any CPU
		{0ECCE023-2D2D-48DF-B8C7-44169BF2C721}.Debug|x64.ActiveCfg = Debug|Any CPU
		{0ECCE023-2D2D-48DF-B8C7-44169BF2C721}.Debug|x64.Build.0 = Debug|Any CPU
		{0ECCE023-2D2D-48DF-B8C7-44169BF2C721}.Debug|x86.ActiveCfg = Debug|Any CPU
		{0ECCE023-2D2D-48DF-B8C7-44169BF2C721}.Debug|x86.Build.0 = Debug|Any CPU
		{0ECCE023-2D2D-48DF-B8C7-44169BF2C721}.Release|Any CPU.ActiveCfg = Release|Any CPU
		{0ECCE023-2D2D-48DF-B8C7-44169BF2C721}.Release|Any CPU.Build.0 = Release|Any CPU
		{0ECCE023-2D2D-48DF-B8C7-44169BF2C721}.Release|x64.ActiveCfg = Release|Any CPU
		{0ECCE023-2D2D-48DF-B8C7-44169BF2C721}.Release|x64.Build.0 = Release|Any CPU
		{0ECCE023-2D2D-48DF-B8C7-44169BF2C721}.Release|x86.ActiveCfg = Release|Any CPU
		{0ECCE023-2D2D-48DF-B8C7-44169BF2C721}.Release|x86.Build.0 = Release|Any CPU
	EndGlobalSection
EndGlobal
